
Microsoft Visual Studio Solution File, Format Version 12.00
# Visual Studio Version 16
VisualStudioVersion = 16.0.30804.86
MinimumVisualStudioVersion = 10.0.40219.1
Project("{FAE04EC0-301F-11D3-BF4B-00C04F79EFBC}") = "WebApplication", "WebApplication\WebApplication.csproj", "{DD803B34-2B1A-4353-A491-ABD73FF1A40F}"
EndProject
Project("{2150E333-8FDC-42A3-9474-1A3956D46DE8}") = "BusinessLayer", "BusinessLayer", "{8F915FE9-EF66-4DA7-85B6-8C8C970EBE2A}"
EndProject
Project("{2150E333-8FDC-42A3-9474-1A3956D46DE8}") = "PersistanceLayer", "PersistanceLayer", "{EF0C553D-D0CD-41B6-957C-85A216EDD89A}"
EndProject
Project("{2150E333-8FDC-42A3-9474-1A3956D46DE8}") = "ApplicationLayer", "ApplicationLayer", "{9D5380EA-E8B8-40BF-B048-A038DDA8141E}"
EndProject
Project("{2150E333-8FDC-42A3-9474-1A3956D46DE8}") = "PresentationLayer", "PresentationLayer", "{354E61C4-1B2A-4512-9D5E-324D1B2B4467}"
EndProject
Project("{2150E333-8FDC-42A3-9474-1A3956D46DE8}") = "ServiceLayer", "ServiceLayer", "{DC9472C6-4332-4F3D-A41A-6AA5C7E1AD95}"
EndProject
Project("{FAE04EC0-301F-11D3-BF4B-00C04F79EFBC}") = "IRepositories", "IRepositories\IRepositories.csproj", "{66A04A5A-FE45-4D6B-992F-696CE6506F8F}"
EndProject
Project("{FAE04EC0-301F-11D3-BF4B-00C04F79EFBC}") = "Models", "Models\Models.csproj", "{C6CF8E1E-3E2A-4543-B55A-A9ADC7D497CE}"
EndProject
Project("{FAE04EC0-301F-11D3-BF4B-00C04F79EFBC}") = "Services", "Services\Services.csproj", "{B2A9706D-39BF-4582-B3E1-2BCC421D7E1B}"
EndProject
Project("{FAE04EC0-301F-11D3-BF4B-00C04F79EFBC}") = "IServices", "IServices\IServices.csproj", "{919C66A1-29A7-499D-9A47-87D35E4856F8}"
EndProject
Project("{FAE04EC0-301F-11D3-BF4B-00C04F79EFBC}") = "Repositories", "Repositories\Repositories.csproj", "{93482193-694B-4AE9-B105-2B2D0CEED93F}"
EndProject
Project("{FAE04EC0-301F-11D3-BF4B-00C04F79EFBC}") = "WebApplicationLib", "WebApplicationLib\WebApplicationLib.csproj", "{48CC8ADB-6955-4CB0-9D72-C71F2D010171}"
EndProject
Global
	GlobalSection(SolutionConfigurationPlatforms) = preSolution
		Debug|Any CPU = Debug|Any CPU
		Release|Any CPU = Release|Any CPU
	EndGlobalSection
	GlobalSection(ProjectConfigurationPlatforms) = postSolution
		{DD803B34-2B1A-4353-A491-ABD73FF1A40F}.Debug|Any CPU.ActiveCfg = Debug|Any CPU
		{DD803B34-2B1A-4353-A491-ABD73FF1A40F}.Debug|Any CPU.Build.0 = Debug|Any CPU
		{DD803B34-2B1A-4353-A491-ABD73FF1A40F}.Release|Any CPU.ActiveCfg = Release|Any CPU
		{DD803B34-2B1A-4353-A491-ABD73FF1A40F}.Release|Any CPU.Build.0 = Release|Any CPU
		{66A04A5A-FE45-4D6B-992F-696CE6506F8F}.Debug|Any CPU.ActiveCfg = Debug|Any CPU
		{66A04A5A-FE45-4D6B-992F-696CE6506F8F}.Debug|Any CPU.Build.0 = Debug|Any CPU
		{66A04A5A-FE45-4D6B-992F-696CE6506F8F}.Release|Any CPU.ActiveCfg = Release|Any CPU
		{66A04A5A-FE45-4D6B-992F-696CE6506F8F}.Release|Any CPU.Build.0 = Release|Any CPU
		{C6CF8E1E-3E2A-4543-B55A-A9ADC7D497CE}.Debug|Any CPU.ActiveCfg = Debug|Any CPU
		{C6CF8E1E-3E2A-4543-B55A-A9ADC7D497CE}.Debug|Any CPU.Build.0 = Debug|Any CPU
		{C6CF8E1E-3E2A-4543-B55A-A9ADC7D497CE}.Release|Any CPU.ActiveCfg = Release|Any CPU
		{C6CF8E1E-3E2A-4543-B55A-A9ADC7D497CE}.Release|Any CPU.Build.0 = Release|Any CPU
		{B2A9706D-39BF-4582-B3E1-2BCC421D7E1B}.Debug|Any CPU.ActiveCfg = Debug|Any CPU
		{B2A9706D-39BF-4582-B3E1-2BCC421D7E1B}.Debug|Any CPU.Build.0 = Debug|Any CPU
		{B2A9706D-39BF-4582-B3E1-2BCC421D7E1B}.Release|Any CPU.ActiveCfg = Release|Any CPU
		{B2A9706D-39BF-4582-B3E1-2BCC421D7E1B}.Release|Any CPU.Build.0 = Release|Any CPU
		{919C66A1-29A7-499D-9A47-87D35E4856F8}.Debug|Any CPU.ActiveCfg = Debug|Any CPU
		{919C66A1-29A7-499D-9A47-87D35E4856F8}.Debug|Any CPU.Build.0 = Debug|Any CPU
		{919C66A1-29A7-499D-9A47-87D35E4856F8}.Release|Any CPU.ActiveCfg = Release|Any CPU
		{919C66A1-29A7-499D-9A47-87D35E4856F8}.Release|Any CPU.Build.0 = Release|Any CPU
		{93482193-694B-4AE9-B105-2B2D0CEED93F}.Debug|Any CPU.ActiveCfg = Debug|Any CPU
		{93482193-694B-4AE9-B105-2B2D0CEED93F}.Debug|Any CPU.Build.0 = Debug|Any CPU
		{93482193-694B-4AE9-B105-2B2D0CEED93F}.Release|Any CPU.ActiveCfg = Release|Any CPU
		{93482193-694B-4AE9-B105-2B2D0CEED93F}.Release|Any CPU.Build.0 = Release|Any CPU
		{48CC8ADB-6955-4CB0-9D72-C71F2D010171}.Debug|Any CPU.ActiveCfg = Debug|Any CPU
		{48CC8ADB-6955-4CB0-9D72-C71F2D010171}.Debug|Any CPU.Build.0 = Debug|Any CPU
		{48CC8ADB-6955-4CB0-9D72-C71F2D010171}.Release|Any CPU.ActiveCfg = Release|Any CPU
		{48CC8ADB-6955-4CB0-9D72-C71F2D010171}.Release|Any CPU.Build.0 = Release|Any CPU
	EndGlobalSection
	GlobalSection(SolutionProperties) = preSolution
		HideSolutionNode = FALSE
	EndGlobalSection
	GlobalSection(NestedProjects) = preSolution
		{DD803B34-2B1A-4353-A491-ABD73FF1A40F} = {9D5380EA-E8B8-40BF-B048-A038DDA8141E}
		{66A04A5A-FE45-4D6B-992F-696CE6506F8F} = {8F915FE9-EF66-4DA7-85B6-8C8C970EBE2A}
		{C6CF8E1E-3E2A-4543-B55A-A9ADC7D497CE} = {8F915FE9-EF66-4DA7-85B6-8C8C970EBE2A}
		{B2A9706D-39BF-4582-B3E1-2BCC421D7E1B} = {8F915FE9-EF66-4DA7-85B6-8C8C970EBE2A}
		{919C66A1-29A7-499D-9A47-87D35E4856F8} = {EF0C553D-D0CD-41B6-957C-85A216EDD89A}
		{93482193-694B-4AE9-B105-2B2D0CEED93F} = {EF0C553D-D0CD-41B6-957C-85A216EDD89A}
		{48CC8ADB-6955-4CB0-9D72-C71F2D010171} = {DC9472C6-4332-4F3D-A41A-6AA5C7E1AD95}
	EndGlobalSection
	GlobalSection(ExtensibilityGlobals) = postSolution
		SolutionGuid = {D10C6EF7-3AFF-4611-9C61-F514AB1B04DD}
	EndGlobalSection
EndGlobal
